{
  "requires": true,
  "lockfileVersion": 1,
  "dependencies": {
    "fuse.js": {
      "version": "3.6.1",
      "resolved": "https://registry.npmjs.org/fuse.js/-/fuse.js-3.6.1.tgz",
      "integrity": "sha512-hT9yh/tiinkmirKrlv4KWOjztdoZo1mx9Qh4KvWqC7isoXwdUY3PNWUxceF4/qO9R6riA2C29jdTOeQOIROjgw=="
    },
    "vue-fuse": {
      "version": "2.2.1",
      "resolved": "https://registry.npmjs.org/vue-fuse/-/vue-fuse-2.2.1.tgz",
      "integrity": "sha512-J2XlMEwxXOayN86pXr44C7cF13C2TZyt3KfAew+4DuUlEa2c/pUKiM8gV2WfYTjQRUpF4VSAfaESY0XCf+4oFg==",
      "requires": {
        "fuse.js": "^3.4.6"
      }
    }
  }
}
